
Microsoft Visual Studio Solution File, Format Version 12.00
# Visual Studio 2012
Project("{FAE04EC0-301F-11D3-BF4B-00C04F79EFBC}") = "TxtEditor", "TxtEditor\TxtEditor.csproj", "{77F4B0A0-E0E3-4B6B-8D79-3D704E14F366}"
EndProject
Project("{FAE04EC0-301F-11D3-BF4B-00C04F79EFBC}") = "Logger", "Logger\Logger.csproj", "{E4D930CE-61AF-4445-AAD1-88A33100953D}"
EndProject
Global
	GlobalSection(SolutionConfigurationPlatforms) = preSolution
		Debug|Any CPU = Debug|Any CPU
		Release|Any CPU = Release|Any CPU
	EndGlobalSection
	GlobalSection(ProjectConfigurationPlatforms) = postSolution
		{77F4B0A0-E0E3-4B6B-8D79-3D704E14F366}.Debug|Any CPU.ActiveCfg = Debug|Any CPU
		{77F4B0A0-E0E3-4B6B-8D79-3D704E14F366}.Debug|Any CPU.Build.0 = Debug|Any CPU
		{77F4B0A0-E0E3-4B6B-8D79-3D704E14F366}.Release|Any CPU.ActiveCfg = Release|Any CPU
		{77F4B0A0-E0E3-4B6B-8D79-3D704E14F366}.Release|Any CPU.Build.0 = Release|Any CPU
		{E4D930CE-61AF-4445-AAD1-88A33100953D}.Debug|Any CPU.ActiveCfg = Debug|Any CPU
		{E4D930CE-61AF-4445-AAD1-88A33100953D}.Debug|Any CPU.Build.0 = Debug|Any CPU
		{E4D930CE-61AF-4445-AAD1-88A33100953D}.Release|Any CPU.ActiveCfg = Release|Any CPU
		{E4D930CE-61AF-4445-AAD1-88A33100953D}.Release|Any CPU.Build.0 = Release|Any CPU
	EndGlobalSection
	GlobalSection(SolutionProperties) = preSolution
		HideSolutionNode = FALSE
	EndGlobalSection
EndGlobal
